
Microsoft Visual Studio Solution File, Format Version 12.00
# Visual Studio Version 16
VisualStudioVersion = 16.0.31313.79
MinimumVisualStudioVersion = 10.0.40219.1
Project("{FAE04EC0-301F-11D3-BF4B-00C04F79EFBC}") = "Students.API", "Students.API\Students.API.csproj", "{105D3CD0-58A4-4685-A1CD-D40BFBA2EE5C}"
EndProject
Global
	GlobalSection(SolutionConfigurationPlatforms) = preSolution
		Debug|Any CPU = Debug|Any CPU
		Release|Any CPU = Release|Any CPU
	EndGlobalSection
	GlobalSection(ProjectConfigurationPlatforms) = postSolution
		{105D3CD0-58A4-4685-A1CD-D40BFBA2EE5C}.Debug|Any CPU.ActiveCfg = Debug|Any CPU
		{105D3CD0-58A4-4685-A1CD-D40BFBA2EE5C}.Debug|Any CPU.Build.0 = Debug|Any CPU
		{105D3CD0-58A4-4685-A1CD-D40BFBA2EE5C}.Release|Any CPU.ActiveCfg = Release|Any CPU
		{105D3CD0-58A4-4685-A1CD-D40BFBA2EE5C}.Release|Any CPU.Build.0 = Release|Any CPU
	EndGlobalSection
	GlobalSection(SolutionProperties) = preSolution
		HideSolutionNode = FALSE
	EndGlobalSection
	GlobalSection(ExtensibilityGlobals) = postSolution
		SolutionGuid = {E647E2EB-B26F-4424-A27F-E5865B65D6EC}
	EndGlobalSection
EndGlobal
